
Microsoft Visual Studio Solution File, Format Version 12.00
# Visual Studio 2015
Project("{FAE04EC0-301F-11D3-BF4B-00C04F79EFBC}") = "Testcardboard2.CSharp", "Testcardboard2.CSharp.csproj", "{FC5AFA93-DAFC-0E98-A839-A6CDF4519BB9}"
EndProject
Project("{FAE04EC0-301F-11D3-BF4B-00C04F79EFBC}") = "Testcardboard2.CSharp.Editor", "Testcardboard2.CSharp.Editor.csproj", "{97A47103-A49C-0024-30AF-41B5564C892D}"
EndProject
Global
	GlobalSection(SolutionConfigurationPlatforms) = preSolution
		Debug|Any CPU = Debug|Any CPU
		Release|Any CPU = Release|Any CPU
	EndGlobalSection
	GlobalSection(ProjectConfigurationPlatforms) = postSolution
		{FC5AFA93-DAFC-0E98-A839-A6CDF4519BB9}.Debug|Any CPU.ActiveCfg = Debug|Any CPU
		{FC5AFA93-DAFC-0E98-A839-A6CDF4519BB9}.Debug|Any CPU.Build.0 = Debug|Any CPU
		{FC5AFA93-DAFC-0E98-A839-A6CDF4519BB9}.Release|Any CPU.ActiveCfg = Release|Any CPU
		{FC5AFA93-DAFC-0E98-A839-A6CDF4519BB9}.Release|Any CPU.Build.0 = Release|Any CPU
		{97A47103-A49C-0024-30AF-41B5564C892D}.Debug|Any CPU.ActiveCfg = Debug|Any CPU
		{97A47103-A49C-0024-30AF-41B5564C892D}.Debug|Any CPU.Build.0 = Debug|Any CPU
		{97A47103-A49C-0024-30AF-41B5564C892D}.Release|Any CPU.ActiveCfg = Release|Any CPU
		{97A47103-A49C-0024-30AF-41B5564C892D}.Release|Any CPU.Build.0 = Release|Any CPU
	EndGlobalSection
	GlobalSection(SolutionProperties) = preSolution
		HideSolutionNode = FALSE
	EndGlobalSection
EndGlobal
